// !$*UTF8*$!
{
	archiveVersion = 1;
	classes = {
	};
	objectVersion = 46;
	objects = {

/* Begin PBXBuildFile section */
		6D93C332172C6E720039F940 /* EducationViewController.m in Sources */ = {isa = PBXBuildFile; fileRef = 6D93C330172C6E720039F940 /* EducationViewController.m */; };
		6D93C333172C6E720039F940 /* EducationViewController.xib in Resources */ = {isa = PBXBuildFile; fileRef = 6D93C331172C6E720039F940 /* EducationViewController.xib */; };
		6D93C345172C808F0039F940 /* MainViewController.m in Sources */ = {isa = PBXBuildFile; fileRef = 6D93C343172C808F0039F940 /* MainViewController.m */; };
		6D93C346172C808F0039F940 /* MainViewController.xib in Resources */ = {isa = PBXBuildFile; fileRef = 6D93C344172C808F0039F940 /* MainViewController.xib */; };
		6DD1C5AB172B701800683C7C /* UIKit.framework in Frameworks */ = {isa = PBXBuildFile; fileRef = 6DD1C5AA172B701800683C7C /* UIKit.framework */; };
		6DD1C5AD172B701800683C7C /* Foundation.framework in Frameworks */ = {isa = PBXBuildFile; fileRef = 6DD1C5AC172B701800683C7C /* Foundation.framework */; };
		6DD1C5AF172B701800683C7C /* CoreGraphics.framework in Frameworks */ = {isa = PBXBuildFile; fileRef = 6DD1C5AE172B701800683C7C /* CoreGraphics.framework */; };
		6DD1C5B5172B701800683C7C /* InfoPlist.strings in Resources */ = {isa = PBXBuildFile; fileRef = 6DD1C5B3172B701800683C7C /* InfoPlist.strings */; };
		6DD1C5B7172B701800683C7C /* main.m in Sources */ = {isa = PBXBuildFile; fileRef = 6DD1C5B6172B701800683C7C /* main.m */; };
		6DD1C5BB172B701800683C7C /* AppDelegate.m in Sources */ = {isa = PBXBuildFile; fileRef = 6DD1C5BA172B701800683C7C /* AppDelegate.m */; };
		6DD1C5BD172B701800683C7C /* Default.png in Resources */ = {isa = PBXBuildFile; fileRef = 6DD1C5BC172B701800683C7C /* Default.png */; };
		6DD1C5BF172B701800683C7C /* Default@2x.png in Resources */ = {isa = PBXBuildFile; fileRef = 6DD1C5BE172B701800683C7C /* Default@2x.png */; };
		6DD1C5C1172B701800683C7C /* Default-568h@2x.png in Resources */ = {isa = PBXBuildFile; fileRef = 6DD1C5C0172B701800683C7C /* Default-568h@2x.png */; };
		6DD1C5C4172B701800683C7C /* InterestsViewController.m in Sources */ = {isa = PBXBuildFile; fileRef = 6DD1C5C3172B701800683C7C /* InterestsViewController.m */; };
		6DD1C5C7172B701800683C7C /* InterestsViewController.xib in Resources */ = {isa = PBXBuildFile; fileRef = 6DD1C5C5172B701800683C7C /* InterestsViewController.xib */; };
		6DD1C5DB172B771A00683C7C /* Matrix2D.m in Sources */ = {isa = PBXBuildFile; fileRef = 6DD1C5CE172B712200683C7C /* Matrix2D.m */; };
		6DD1C5DC172B771A00683C7C /* PhysicsCircle.m in Sources */ = {isa = PBXBuildFile; fileRef = 6DD1C5D0172B712200683C7C /* PhysicsCircle.m */; };
		6DD1C5DD172B771A00683C7C /* PhysicsRect.m in Sources */ = {isa = PBXBuildFile; fileRef = 6DD1C5D2172B712200683C7C /* PhysicsRect.m */; };
		6DD1C5DE172B771A00683C7C /* PhysicsShape.m in Sources */ = {isa = PBXBuildFile; fileRef = 6DD1C5D4172B712200683C7C /* PhysicsShape.m */; };
		6DD1C5DF172B771A00683C7C /* PhysicsWorld.m in Sources */ = {isa = PBXBuildFile; fileRef = 6DD1C5D6172B712200683C7C /* PhysicsWorld.m */; };
		6DD1C5E0172B771A00683C7C /* Vector2D.m in Sources */ = {isa = PBXBuildFile; fileRef = 6DD1C5D8172B712200683C7C /* Vector2D.m */; };
		6DD1C5E2172B7E0500683C7C /* QuartzCore.framework in Frameworks */ = {isa = PBXBuildFile; fileRef = 6DD1C5E1172B7E0500683C7C /* QuartzCore.framework */; };
		6DD1C5E5172B815900683C7C /* InterestBlock.m in Sources */ = {isa = PBXBuildFile; fileRef = 6DD1C5E4172B815900683C7C /* InterestBlock.m */; };
		6DEA68A81732729300F57FFF /* black-linen.png in Resources */ = {isa = PBXBuildFile; fileRef = 6DEA68951732729300F57FFF /* black-linen.png */; };
		6DEA68A91732729300F57FFF /* black-linen@2x.png in Resources */ = {isa = PBXBuildFile; fileRef = 6DEA68961732729300F57FFF /* black-linen@2x.png */; };
		6DEA68AA1732729300F57FFF /* coding-icon.png in Resources */ = {isa = PBXBuildFile; fileRef = 6DEA68971732729300F57FFF /* coding-icon.png */; };
		6DEA68AB1732729300F57FFF /* coding-icon@2x.png in Resources */ = {isa = PBXBuildFile; fileRef = 6DEA68981732729300F57FFF /* coding-icon@2x.png */; };
		6DEA68AC1732729300F57FFF /* education-icon.png in Resources */ = {isa = PBXBuildFile; fileRef = 6DEA68991732729300F57FFF /* education-icon.png */; };
		6DEA68AD1732729300F57FFF /* education-icon@2x.png in Resources */ = {isa = PBXBuildFile; fileRef = 6DEA689A1732729300F57FFF /* education-icon@2x.png */; };
		6DEA68AE1732729300F57FFF /* exit-icon.png in Resources */ = {isa = PBXBuildFile; fileRef = 6DEA689B1732729300F57FFF /* exit-icon.png */; };
		6DEA68AF1732729300F57FFF /* interests-icon.png in Resources */ = {isa = PBXBuildFile; fileRef = 6DEA689C1732729300F57FFF /* interests-icon.png */; };
		6DEA68B01732729300F57FFF /* interests-icon@2x.png in Resources */ = {isa = PBXBuildFile; fileRef = 6DEA689D1732729300F57FFF /* interests-icon@2x.png */; };
		6DEA68B11732729300F57FFF /* job-icon.png in Resources */ = {isa = PBXBuildFile; fileRef = 6DEA689E1732729300F57FFF /* job-icon.png */; };
		6DEA68B21732729300F57FFF /* job-icon@2x.png in Resources */ = {isa = PBXBuildFile; fileRef = 6DEA689F1732729300F57FFF /* job-icon@2x.png */; };
		6DEA68B31732729300F57FFF /* name-logo.png in Resources */ = {isa = PBXBuildFile; fileRef = 6DEA68A01732729300F57FFF /* name-logo.png */; };
		6DEA68B41732729300F57FFF /* name-logo@2x.png in Resources */ = {isa = PBXBuildFile; fileRef = 6DEA68A11732729300F57FFF /* name-logo@2x.png */; };
		6DEA68B51732729300F57FFF /* nus-logo.png in Resources */ = {isa = PBXBuildFile; fileRef = 6DEA68A21732729300F57FFF /* nus-logo.png */; };
		6DEA68B61732729300F57FFF /* nus-logo@2x.png in Resources */ = {isa = PBXBuildFile; fileRef = 6DEA68A31732729300F57FFF /* nus-logo@2x.png */; };
		6DEA68B71732729300F57FFF /* reset-icon.png in Resources */ = {isa = PBXBuildFile; fileRef = 6DEA68A41732729300F57FFF /* reset-icon.png */; };
		6DEA68B81732729300F57FFF /* reset-icon@2x.png in Resources */ = {isa = PBXBuildFile; fileRef = 6DEA68A51732729300F57FFF /* reset-icon@2x.png */; };
		6DEA68B91732729300F57FFF /* stanford-logo.png in Resources */ = {isa = PBXBuildFile; fileRef = 6DEA68A61732729300F57FFF /* stanford-logo.png */; };
		6DEA68BA1732729300F57FFF /* stanford-logo@2x.png in Resources */ = {isa = PBXBuildFile; fileRef = 6DEA68A71732729300F57FFF /* stanford-logo@2x.png */; };
		6DEA68BC173272AF00F57FFF /* thumb-ys@2x.png in Resources */ = {isa = PBXBuildFile; fileRef = 6DEA68BB173272AF00F57FFF /* thumb-ys@2x.png */; };
		6DEA68C0173280C200F57FFF /* TechnicalViewController.m in Sources */ = {isa = PBXBuildFile; fileRef = 6DEA68BE173280C200F57FFF /* TechnicalViewController.m */; };
		6DEA68C1173280C200F57FFF /* TechnicalViewController.xib in Resources */ = {isa = PBXBuildFile; fileRef = 6DEA68BF173280C200F57FFF /* TechnicalViewController.xib */; };
		6DEA68CA1732845B00F57FFF /* time@2x.png in Resources */ = {isa = PBXBuildFile; fileRef = 6DEA68C51732845B00F57FFF /* time@2x.png */; };
		6DEA68CB1732845B00F57FFF /* beer-small.png in Resources */ = {isa = PBXBuildFile; fileRef = 6DEA68C61732845B00F57FFF /* beer-small.png */; };
		6DEA68CC1732845B00F57FFF /* beer.png in Resources */ = {isa = PBXBuildFile; fileRef = 6DEA68C71732845B00F57FFF /* beer.png */; };
		6DEA68CD1732845B00F57FFF /* tap-background-front@2x.png in Resources */ = {isa = PBXBuildFile; fileRef = 6DEA68C81732845B00F57FFF /* tap-background-front@2x.png */; };
		6DEA68CE1732845B00F57FFF /* tap-background@2x.png in Resources */ = {isa = PBXBuildFile; fileRef = 6DEA68C91732845B00F57FFF /* tap-background@2x.png */; };
		6DEA68D01732847000F57FFF /* score@2x.png in Resources */ = {isa = PBXBuildFile; fileRef = 6DEA68CF1732847000F57FFF /* score@2x.png */; };
		6DEA68D21732847F00F57FFF /* quit-button@2x.png in Resources */ = {isa = PBXBuildFile; fileRef = 6DEA68D11732847F00F57FFF /* quit-button@2x.png */; };
		6DEA68D51732859D00F57FFF /* TapGameViewController.m in Sources */ = {isa = PBXBuildFile; fileRef = 6DEA68C3173283DC00F57FFF /* TapGameViewController.m */; };
		6DEA68D61732859D00F57FFF /* BeerItemViewController.m in Sources */ = {isa = PBXBuildFile; fileRef = 6DEA68D41732855200F57FFF /* BeerItemViewController.m */; };
		6DEA68D7173288A600F57FFF /* TapGameViewController.xib in Resources */ = {isa = PBXBuildFile; fileRef = 6DEA68C4173283DC00F57FFF /* TapGameViewController.xib */; };
		6DEA68D917328FBD00F57FFF /* drinkpal-logo@2x.png in Resources */ = {isa = PBXBuildFile; fileRef = 6DEA68D817328FBD00F57FFF /* drinkpal-logo@2x.png */; };
		6DEA68E0173291EE00F57FFF /* gametext.png in Resources */ = {isa = PBXBuildFile; fileRef = 6DEA68DD173291EE00F57FFF /* gametext.png */; };
		6DEA68E1173291EE00F57FFF /* sodacan.png in Resources */ = {isa = PBXBuildFile; fileRef = 6DEA68DE173291EE00F57FFF /* sodacan.png */; };
		6DEA68E2173291EE00F57FFF /* sodacan@2x.png in Resources */ = {isa = PBXBuildFile; fileRef = 6DEA68DF173291EE00F57FFF /* sodacan@2x.png */; };
		6DEA68E51732922800F57FFF /* wall.jpg in Resources */ = {isa = PBXBuildFile; fileRef = 6DEA68E31732922800F57FFF /* wall.jpg */; };
		6DEA68E61732922800F57FFF /* wall@2x.jpg in Resources */ = {isa = PBXBuildFile; fileRef = 6DEA68E41732922800F57FFF /* wall@2x.jpg */; };
		6DEA68E91732925100F57FFF /* hipspot-logo.png in Resources */ = {isa = PBXBuildFile; fileRef = 6DEA68E71732925100F57FFF /* hipspot-logo.png */; };
		6DEA68EA1732925100F57FFF /* hipspot-logo@2x.png in Resources */ = {isa = PBXBuildFile; fileRef = 6DEA68E81732925100F57FFF /* hipspot-logo@2x.png */; };
		6DEA68EB173292AD00F57FFF /* ShakeCanViewController.xib in Resources */ = {isa = PBXBuildFile; fileRef = 6DEA68DC173291C800F57FFF /* ShakeCanViewController.xib */; };
		6DEA68EC1732931800F57FFF /* ShakeCanViewController.m in Sources */ = {isa = PBXBuildFile; fileRef = 6DEA68DB173291C700F57FFF /* ShakeCanViewController.m */; };
		6DEA68EF1732938600F57FFF /* endgame.png in Resources */ = {isa = PBXBuildFile; fileRef = 6DEA68ED1732938600F57FFF /* endgame.png */; };
		6DEA68F01732938600F57FFF /* gametext.png in Resources */ = {isa = PBXBuildFile; fileRef = 6DEA68EE1732938600F57FFF /* gametext.png */; };
		6DEA68F417329E5200F57FFF /* ProfessionalViewController.m in Sources */ = {isa = PBXBuildFile; fileRef = 6DEA68F217329E5200F57FFF /* ProfessionalViewController.m */; };
		6DEA68F517329E5200F57FFF /* ProfessionalViewController.xib in Resources */ = {isa = PBXBuildFile; fileRef = 6DEA68F317329E5200F57FFF /* ProfessionalViewController.xib */; };
		6DEA68F71732AEE400F57FFF /* ProfessionalViewCell.xib in Resources */ = {isa = PBXBuildFile; fileRef = 6DEA68F61732AEE400F57FFF /* ProfessionalViewCell.xib */; };
		6DEA68FA1732B0A400F57FFF /* ProfessionalViewCell.m in Sources */ = {isa = PBXBuildFile; fileRef = 6DEA68F91732B0A300F57FFF /* ProfessionalViewCell.m */; };
		6DEA68FE1732BF7E00F57FFF /* nus-logo-sq.png in Resources */ = {isa = PBXBuildFile; fileRef = 6DEA68FB1732BF7E00F57FFF /* nus-logo-sq.png */; };
		6DEA68FF1732BF7E00F57FFF /* feiyue-logo.png in Resources */ = {isa = PBXBuildFile; fileRef = 6DEA68FC1732BF7E00F57FFF /* feiyue-logo.png */; };
		6DEA69001732BF7E00F57FFF /* easilydo-icon.png in Resources */ = {isa = PBXBuildFile; fileRef = 6DEA68FD1732BF7E00F57FFF /* easilydo-icon.png */; };
/* End PBXBuildFile section */

/* Begin PBXFileReference section */
		6D93C32F172C6E720039F940 /* EducationViewController.h */ = {isa = PBXFileReference; fileEncoding = 4; lastKnownFileType = sourcecode.c.h; path = EducationViewController.h; sourceTree = "<group>"; };
		6D93C330172C6E720039F940 /* EducationViewController.m */ = {isa = PBXFileReference; fileEncoding = 4; lastKnownFileType = sourcecode.c.objc; path = EducationViewController.m; sourceTree = "<group>"; };
		6D93C331172C6E720039F940 /* EducationViewController.xib */ = {isa = PBXFileReference; fileEncoding = 4; lastKnownFileType = file.xib; path = EducationViewController.xib; sourceTree = "<group>"; };
		6D93C342172C808F0039F940 /* MainViewController.h */ = {isa = PBXFileReference; fileEncoding = 4; lastKnownFileType = sourcecode.c.h; path = MainViewController.h; sourceTree = "<group>"; };
		6D93C343172C808F0039F940 /* MainViewController.m */ = {isa = PBXFileReference; fileEncoding = 4; lastKnownFileType = sourcecode.c.objc; path = MainViewController.m; sourceTree = "<group>"; };
		6D93C344172C808F0039F940 /* MainViewController.xib */ = {isa = PBXFileReference; fileEncoding = 4; lastKnownFileType = file.xib; path = MainViewController.xib; sourceTree = "<group>"; };
		6DD1C5A7172B701800683C7C /* Yang Shun Portfolio.app */ = {isa = PBXFileReference; explicitFileType = wrapper.application; includeInIndex = 0; path = "Yang Shun Portfolio.app"; sourceTree = BUILT_PRODUCTS_DIR; };
		6DD1C5AA172B701800683C7C /* UIKit.framework */ = {isa = PBXFileReference; lastKnownFileType = wrapper.framework; name = UIKit.framework; path = System/Library/Frameworks/UIKit.framework; sourceTree = SDKROOT; };
		6DD1C5AC172B701800683C7C /* Foundation.framework */ = {isa = PBXFileReference; lastKnownFileType = wrapper.framework; name = Foundation.framework; path = System/Library/Frameworks/Foundation.framework; sourceTree = SDKROOT; };
		6DD1C5AE172B701800683C7C /* CoreGraphics.framework */ = {isa = PBXFileReference; lastKnownFileType = wrapper.framework; name = CoreGraphics.framework; path = System/Library/Frameworks/CoreGraphics.framework; sourceTree = SDKROOT; };
		6DD1C5B2172B701800683C7C /* Yang Shun Portfolio-Info.plist */ = {isa = PBXFileReference; lastKnownFileType = text.plist.xml; path = "Yang Shun Portfolio-Info.plist"; sourceTree = "<group>"; };
		6DD1C5B4172B701800683C7C /* en */ = {isa = PBXFileReference; lastKnownFileType = text.plist.strings; name = en; path = en.lproj/InfoPlist.strings; sourceTree = "<group>"; };
		6DD1C5B6172B701800683C7C /* main.m */ = {isa = PBXFileReference; lastKnownFileType = sourcecode.c.objc; path = main.m; sourceTree = "<group>"; };
		6DD1C5B8172B701800683C7C /* Yang Shun Portfolio-Prefix.pch */ = {isa = PBXFileReference; lastKnownFileType = sourcecode.c.h; path = "Yang Shun Portfolio-Prefix.pch"; sourceTree = "<group>"; };
		6DD1C5B9172B701800683C7C /* AppDelegate.h */ = {isa = PBXFileReference; lastKnownFileType = sourcecode.c.h; path = AppDelegate.h; sourceTree = "<group>"; };
		6DD1C5BA172B701800683C7C /* AppDelegate.m */ = {isa = PBXFileReference; lastKnownFileType = sourcecode.c.objc; path = AppDelegate.m; sourceTree = "<group>"; };
		6DD1C5BC172B701800683C7C /* Default.png */ = {isa = PBXFileReference; lastKnownFileType = image.png; path = Default.png; sourceTree = "<group>"; };
		6DD1C5BE172B701800683C7C /* Default@2x.png */ = {isa = PBXFileReference; lastKnownFileType = image.png; path = "Default@2x.png"; sourceTree = "<group>"; };
		6DD1C5C0172B701800683C7C /* Default-568h@2x.png */ = {isa = PBXFileReference; lastKnownFileType = image.png; path = "Default-568h@2x.png"; sourceTree = "<group>"; };
		6DD1C5C2172B701800683C7C /* InterestsViewController.h */ = {isa = PBXFileReference; lastKnownFileType = sourcecode.c.h; path = InterestsViewController.h; sourceTree = "<group>"; };
		6DD1C5C3172B701800683C7C /* InterestsViewController.m */ = {isa = PBXFileReference; lastKnownFileType = sourcecode.c.objc; path = InterestsViewController.m; sourceTree = "<group>"; };
		6DD1C5C6172B701800683C7C /* en */ = {isa = PBXFileReference; lastKnownFileType = file.xib; name = en; path = en.lproj/InterestsViewController.xib; sourceTree = "<group>"; };
		6DD1C5CD172B712200683C7C /* Matrix2D.h */ = {isa = PBXFileReference; lastKnownFileType = sourcecode.c.h; path = Matrix2D.h; sourceTree = "<group>"; };
		6DD1C5CE172B712200683C7C /* Matrix2D.m */ = {isa = PBXFileReference; lastKnownFileType = sourcecode.c.objc; path = Matrix2D.m; sourceTree = "<group>"; };
		6DD1C5CF172B712200683C7C /* PhysicsCircle.h */ = {isa = PBXFileReference; lastKnownFileType = sourcecode.c.h; path = PhysicsCircle.h; sourceTree = "<group>"; };
		6DD1C5D0172B712200683C7C /* PhysicsCircle.m */ = {isa = PBXFileReference; lastKnownFileType = sourcecode.c.objc; path = PhysicsCircle.m; sourceTree = "<group>"; };
		6DD1C5D1172B712200683C7C /* PhysicsRect.h */ = {isa = PBXFileReference; lastKnownFileType = sourcecode.c.h; path = PhysicsRect.h; sourceTree = "<group>"; };
		6DD1C5D2172B712200683C7C /* PhysicsRect.m */ = {isa = PBXFileReference; lastKnownFileType = sourcecode.c.objc; path = PhysicsRect.m; sourceTree = "<group>"; };
		6DD1C5D3172B712200683C7C /* PhysicsShape.h */ = {isa = PBXFileReference; lastKnownFileType = sourcecode.c.h; path = PhysicsShape.h; sourceTree = "<group>"; };
		6DD1C5D4172B712200683C7C /* PhysicsShape.m */ = {isa = PBXFileReference; lastKnownFileType = sourcecode.c.objc; path = PhysicsShape.m; sourceTree = "<group>"; };
		6DD1C5D5172B712200683C7C /* PhysicsWorld.h */ = {isa = PBXFileReference; lastKnownFileType = sourcecode.c.h; path = PhysicsWorld.h; sourceTree = "<group>"; };
		6DD1C5D6172B712200683C7C /* PhysicsWorld.m */ = {isa = PBXFileReference; lastKnownFileType = sourcecode.c.objc; path = PhysicsWorld.m; sourceTree = "<group>"; };
		6DD1C5D7172B712200683C7C /* Vector2D.h */ = {isa = PBXFileReference; lastKnownFileType = sourcecode.c.h; path = Vector2D.h; sourceTree = "<group>"; };
		6DD1C5D8172B712200683C7C /* Vector2D.m */ = {isa = PBXFileReference; lastKnownFileType = sourcecode.c.objc; path = Vector2D.m; sourceTree = "<group>"; };
		6DD1C5DA172B722300683C7C /* Constants.h */ = {isa = PBXFileReference; lastKnownFileType = sourcecode.c.h; path = Constants.h; sourceTree = "<group>"; };
		6DD1C5E1172B7E0500683C7C /* QuartzCore.framework */ = {isa = PBXFileReference; lastKnownFileType = wrapper.framework; name = QuartzCore.framework; path = System/Library/Frameworks/QuartzCore.framework; sourceTree = SDKROOT; };
		6DD1C5E3172B815900683C7C /* InterestBlock.h */ = {isa = PBXFileReference; fileEncoding = 4; lastKnownFileType = sourcecode.c.h; path = InterestBlock.h; sourceTree = "<group>"; };
		6DD1C5E4172B815900683C7C /* InterestBlock.m */ = {isa = PBXFileReference; fileEncoding = 4; lastKnownFileType = sourcecode.c.objc; path = InterestBlock.m; sourceTree = "<group>"; };
		6DEA68951732729300F57FFF /* black-linen.png */ = {isa = PBXFileReference; lastKnownFileType = image.png; name = "black-linen.png"; path = "Images/black-linen.png"; sourceTree = "<group>"; };
		6DEA68961732729300F57FFF /* black-linen@2x.png */ = {isa = PBXFileReference; lastKnownFileType = image.png; name = "black-linen@2x.png"; path = "Images/black-linen@2x.png"; sourceTree = "<group>"; };
		6DEA68971732729300F57FFF /* coding-icon.png */ = {isa = PBXFileReference; lastKnownFileType = image.png; name = "coding-icon.png"; path = "Images/coding-icon.png"; sourceTree = "<group>"; };
		6DEA68981732729300F57FFF /* coding-icon@2x.png */ = {isa = PBXFileReference; lastKnownFileType = image.png; name = "coding-icon@2x.png"; path = "Images/coding-icon@2x.png"; sourceTree = "<group>"; };
		6DEA68991732729300F57FFF /* education-icon.png */ = {isa = PBXFileReference; lastKnownFileType = image.png; name = "education-icon.png"; path = "Images/education-icon.png"; sourceTree = "<group>"; };
		6DEA689A1732729300F57FFF /* education-icon@2x.png */ = {isa = PBXFileReference; lastKnownFileType = image.png; name = "education-icon@2x.png"; path = "Images/education-icon@2x.png"; sourceTree = "<group>"; };
		6DEA689B1732729300F57FFF /* exit-icon.png */ = {isa = PBXFileReference; lastKnownFileType = image.png; name = "exit-icon.png"; path = "Images/exit-icon.png"; sourceTree = "<group>"; };
		6DEA689C1732729300F57FFF /* interests-icon.png */ = {isa = PBXFileReference; lastKnownFileType = image.png; name = "interests-icon.png"; path = "Images/interests-icon.png"; sourceTree = "<group>"; };
		6DEA689D1732729300F57FFF /* interests-icon@2x.png */ = {isa = PBXFileReference; lastKnownFileType = image.png; name = "interests-icon@2x.png"; path = "Images/interests-icon@2x.png"; sourceTree = "<group>"; };
		6DEA689E1732729300F57FFF /* job-icon.png */ = {isa = PBXFileReference; lastKnownFileType = image.png; name = "job-icon.png"; path = "Images/job-icon.png"; sourceTree = "<group>"; };
		6DEA689F1732729300F57FFF /* job-icon@2x.png */ = {isa = PBXFileReference; lastKnownFileType = image.png; name = "job-icon@2x.png"; path = "Images/job-icon@2x.png"; sourceTree = "<group>"; };
		6DEA68A01732729300F57FFF /* name-logo.png */ = {isa = PBXFileReference; lastKnownFileType = image.png; name = "name-logo.png"; path = "Images/name-logo.png"; sourceTree = "<group>"; };
		6DEA68A11732729300F57FFF /* name-logo@2x.png */ = {isa = PBXFileReference; lastKnownFileType = image.png; name = "name-logo@2x.png"; path = "Images/name-logo@2x.png"; sourceTree = "<group>"; };
		6DEA68A21732729300F57FFF /* nus-logo.png */ = {isa = PBXFileReference; lastKnownFileType = image.png; name = "nus-logo.png"; path = "Images/nus-logo.png"; sourceTree = "<group>"; };
		6DEA68A31732729300F57FFF /* nus-logo@2x.png */ = {isa = PBXFileReference; lastKnownFileType = image.png; name = "nus-logo@2x.png"; path = "Images/nus-logo@2x.png"; sourceTree = "<group>"; };
		6DEA68A41732729300F57FFF /* reset-icon.png */ = {isa = PBXFileReference; lastKnownFileType = image.png; name = "reset-icon.png"; path = "Images/reset-icon.png"; sourceTree = "<group>"; };
		6DEA68A51732729300F57FFF /* reset-icon@2x.png */ = {isa = PBXFileReference; lastKnownFileType = image.png; name = "reset-icon@2x.png"; path = "Images/reset-icon@2x.png"; sourceTree = "<group>"; };
		6DEA68A61732729300F57FFF /* stanford-logo.png */ = {isa = PBXFileReference; lastKnownFileType = image.png; name = "stanford-logo.png"; path = "Images/stanford-logo.png"; sourceTree = "<group>"; };
		6DEA68A71732729300F57FFF /* stanford-logo@2x.png */ = {isa = PBXFileReference; lastKnownFileType = image.png; name = "stanford-logo@2x.png"; path = "Images/stanford-logo@2x.png"; sourceTree = "<group>"; };
		6DEA68BB173272AF00F57FFF /* thumb-ys@2x.png */ = {isa = PBXFileReference; lastKnownFileType = image.png; name = "thumb-ys@2x.png"; path = "Images/thumb-ys@2x.png"; sourceTree = "<group>"; };
		6DEA68BD173280C200F57FFF /* TechnicalViewController.h */ = {isa = PBXFileReference; fileEncoding = 4; lastKnownFileType = sourcecode.c.h; path = TechnicalViewController.h; sourceTree = "<group>"; };
		6DEA68BE173280C200F57FFF /* TechnicalViewController.m */ = {isa = PBXFileReference; fileEncoding = 4; lastKnownFileType = sourcecode.c.objc; path = TechnicalViewController.m; sourceTree = "<group>"; };
		6DEA68BF173280C200F57FFF /* TechnicalViewController.xib */ = {isa = PBXFileReference; fileEncoding = 4; lastKnownFileType = file.xib; path = TechnicalViewController.xib; sourceTree = "<group>"; };
		6DEA68C2173283DC00F57FFF /* TapGameViewController.h */ = {isa = PBXFileReference; lastKnownFileType = sourcecode.c.h; path = TapGameViewController.h; sourceTree = "<group>"; };
		6DEA68C3173283DC00F57FFF /* TapGameViewController.m */ = {isa = PBXFileReference; lastKnownFileType = sourcecode.c.objc; path = TapGameViewController.m; sourceTree = "<group>"; };
		6DEA68C4173283DC00F57FFF /* TapGameViewController.xib */ = {isa = PBXFileReference; lastKnownFileType = file.xib; path = TapGameViewController.xib; sourceTree = "<group>"; };
		6DEA68C51732845B00F57FFF /* time@2x.png */ = {isa = PBXFileReference; lastKnownFileType = image.png; name = "time@2x.png"; path = "Images/time@2x.png"; sourceTree = "<group>"; };
		6DEA68C61732845B00F57FFF /* beer-small.png */ = {isa = PBXFileReference; lastKnownFileType = image.png; name = "beer-small.png"; path = "Images/beer-small.png"; sourceTree = "<group>"; };
		6DEA68C71732845B00F57FFF /* beer.png */ = {isa = PBXFileReference; lastKnownFileType = image.png; name = beer.png; path = Images/beer.png; sourceTree = "<group>"; };
		6DEA68C81732845B00F57FFF /* tap-background-front@2x.png */ = {isa = PBXFileReference; lastKnownFileType = image.png; name = "tap-background-front@2x.png"; path = "Images/tap-background-front@2x.png"; sourceTree = "<group>"; };
		6DEA68C91732845B00F57FFF /* tap-background@2x.png */ = {isa = PBXFileReference; lastKnownFileType = image.png; name = "tap-background@2x.png"; path = "Images/tap-background@2x.png"; sourceTree = "<group>"; };
		6DEA68CF1732847000F57FFF /* score@2x.png */ = {isa = PBXFileReference; lastKnownFileType = image.png; name = "score@2x.png"; path = "Images/score@2x.png"; sourceTree = "<group>"; };
		6DEA68D11732847F00F57FFF /* quit-button@2x.png */ = {isa = PBXFileReference; lastKnownFileType = image.png; name = "quit-button@2x.png"; path = "Images/quit-button@2x.png"; sourceTree = "<group>"; };
		6DEA68D31732855200F57FFF /* BeerItemViewController.h */ = {isa = PBXFileReference; lastKnownFileType = sourcecode.c.h; path = BeerItemViewController.h; sourceTree = "<group>"; };
		6DEA68D41732855200F57FFF /* BeerItemViewController.m */ = {isa = PBXFileReference; lastKnownFileType = sourcecode.c.objc; path = BeerItemViewController.m; sourceTree = "<group>"; };
		6DEA68D817328FBD00F57FFF /* drinkpal-logo@2x.png */ = {isa = PBXFileReference; lastKnownFileType = image.png; name = "drinkpal-logo@2x.png"; path = "Images/drinkpal-logo@2x.png"; sourceTree = "<group>"; };
		6DEA68DA173291C700F57FFF /* ShakeCanViewController.h */ = {isa = PBXFileReference; lastKnownFileType = sourcecode.c.h; path = ShakeCanViewController.h; sourceTree = "<group>"; };
		6DEA68DB173291C700F57FFF /* ShakeCanViewController.m */ = {isa = PBXFileReference; lastKnownFileType = sourcecode.c.objc; path = ShakeCanViewController.m; sourceTree = "<group>"; };
		6DEA68DC173291C800F57FFF /* ShakeCanViewController.xib */ = {isa = PBXFileReference; lastKnownFileType = file.xib; path = ShakeCanViewController.xib; sourceTree = "<group>"; };
		6DEA68DD173291EE00F57FFF /* gametext.png */ = {isa = PBXFileReference; lastKnownFileType = image.png; name = gametext.png; path = Images/gametext.png; sourceTree = "<group>"; };
		6DEA68DE173291EE00F57FFF /* sodacan.png */ = {isa = PBXFileReference; lastKnownFileType = image.png; name = sodacan.png; path = Images/sodacan.png; sourceTree = "<group>"; };
		6DEA68DF173291EE00F57FFF /* sodacan@2x.png */ = {isa = PBXFileReference; lastKnownFileType = image.png; name = "sodacan@2x.png"; path = "Images/sodacan@2x.png"; sourceTree = "<group>"; };
		6DEA68E31732922800F57FFF /* wall.jpg */ = {isa = PBXFileReference; lastKnownFileType = image.jpeg; name = wall.jpg; path = Images/wall.jpg; sourceTree = "<group>"; };
		6DEA68E41732922800F57FFF /* wall@2x.jpg */ = {isa = PBXFileReference; lastKnownFileType = image.jpeg; name = "wall@2x.jpg"; path = "Images/wall@2x.jpg"; sourceTree = "<group>"; };
		6DEA68E71732925100F57FFF /* hipspot-logo.png */ = {isa = PBXFileReference; lastKnownFileType = image.png; name = "hipspot-logo.png"; path = "Images/hipspot-logo.png"; sourceTree = "<group>"; };
		6DEA68E81732925100F57FFF /* hipspot-logo@2x.png */ = {isa = PBXFileReference; lastKnownFileType = image.png; name = "hipspot-logo@2x.png"; path = "Images/hipspot-logo@2x.png"; sourceTree = "<group>"; };
		6DEA68ED1732938600F57FFF /* endgame.png */ = {isa = PBXFileReference; lastKnownFileType = image.png; name = endgame.png; path = Images/endgame.png; sourceTree = "<group>"; };
		6DEA68EE1732938600F57FFF /* gametext.png */ = {isa = PBXFileReference; lastKnownFileType = image.png; name = gametext.png; path = Images/gametext.png; sourceTree = "<group>"; };
		6DEA68F117329E5100F57FFF /* ProfessionalViewController.h */ = {isa = PBXFileReference; fileEncoding = 4; lastKnownFileType = sourcecode.c.h; path = ProfessionalViewController.h; sourceTree = "<group>"; };
		6DEA68F217329E5200F57FFF /* ProfessionalViewController.m */ = {isa = PBXFileReference; fileEncoding = 4; lastKnownFileType = sourcecode.c.objc; path = ProfessionalViewController.m; sourceTree = "<group>"; };
		6DEA68F317329E5200F57FFF /* ProfessionalViewController.xib */ = {isa = PBXFileReference; fileEncoding = 4; lastKnownFileType = file.xib; path = ProfessionalViewController.xib; sourceTree = "<group>"; };
		6DEA68F61732AEE400F57FFF /* ProfessionalViewCell.xib */ = {isa = PBXFileReference; fileEncoding = 4; lastKnownFileType = file.xib; path = ProfessionalViewCell.xib; sourceTree = "<group>"; };
		6DEA68F81732B0A200F57FFF /* ProfessionalViewCell.h */ = {isa = PBXFileReference; fileEncoding = 4; lastKnownFileType = sourcecode.c.h; path = ProfessionalViewCell.h; sourceTree = "<group>"; };
		6DEA68F91732B0A300F57FFF /* ProfessionalViewCell.m */ = {isa = PBXFileReference; fileEncoding = 4; lastKnownFileType = sourcecode.c.objc; path = ProfessionalViewCell.m; sourceTree = "<group>"; };
		6DEA68FB1732BF7E00F57FFF /* nus-logo-sq.png */ = {isa = PBXFileReference; lastKnownFileType = image.png; name = "nus-logo-sq.png"; path = "Images/nus-logo-sq.png"; sourceTree = "<group>"; };
		6DEA68FC1732BF7E00F57FFF /* feiyue-logo.png */ = {isa = PBXFileReference; lastKnownFileType = image.png; name = "feiyue-logo.png"; path = "Images/feiyue-logo.png"; sourceTree = "<group>"; };
		6DEA68FD1732BF7E00F57FFF /* easilydo-icon.png */ = {isa = PBXFileReference; lastKnownFileType = image.png; name = "easilydo-icon.png"; path = "Images/easilydo-icon.png"; sourceTree = "<group>"; };
/* End PBXFileReference section */

/* Begin PBXFrameworksBuildPhase section */
		6DD1C5A4172B701800683C7C /* Frameworks */ = {
			isa = PBXFrameworksBuildPhase;
			buildActionMask = 2147483647;
			files = (
				6DD1C5E2172B7E0500683C7C /* QuartzCore.framework in Frameworks */,
				6DD1C5AB172B701800683C7C /* UIKit.framework in Frameworks */,
				6DD1C5AD172B701800683C7C /* Foundation.framework in Frameworks */,
				6DD1C5AF172B701800683C7C /* CoreGraphics.framework in Frameworks */,
			);
			runOnlyForDeploymentPostprocessing = 0;
		};
/* End PBXFrameworksBuildPhase section */

/* Begin PBXGroup section */
		6D93C326172C68330039F940 /* Images */ = {
			isa = PBXGroup;
			children = (
				6DEA68FB1732BF7E00F57FFF /* nus-logo-sq.png */,
				6DEA68FC1732BF7E00F57FFF /* feiyue-logo.png */,
				6DEA68FD1732BF7E00F57FFF /* easilydo-icon.png */,
				6DEA68ED1732938600F57FFF /* endgame.png */,
				6DEA68EE1732938600F57FFF /* gametext.png */,
				6DEA68E71732925100F57FFF /* hipspot-logo.png */,
				6DEA68E81732925100F57FFF /* hipspot-logo@2x.png */,
				6DEA68E31732922800F57FFF /* wall.jpg */,
				6DEA68E41732922800F57FFF /* wall@2x.jpg */,
				6DEA68DD173291EE00F57FFF /* gametext.png */,
				6DEA68DE173291EE00F57FFF /* sodacan.png */,
				6DEA68DF173291EE00F57FFF /* sodacan@2x.png */,
				6DEA68D817328FBD00F57FFF /* drinkpal-logo@2x.png */,
				6DEA68D11732847F00F57FFF /* quit-button@2x.png */,
				6DEA68CF1732847000F57FFF /* score@2x.png */,
				6DEA68C51732845B00F57FFF /* time@2x.png */,
				6DEA68C61732845B00F57FFF /* beer-small.png */,
				6DEA68C71732845B00F57FFF /* beer.png */,
				6DEA68C81732845B00F57FFF /* tap-background-front@2x.png */,
				6DEA68C91732845B00F57FFF /* tap-background@2x.png */,
				6DEA68BB173272AF00F57FFF /* thumb-ys@2x.png */,
				6DEA68951732729300F57FFF /* black-linen.png */,
				6DEA68961732729300F57FFF /* black-linen@2x.png */,
				6DEA68971732729300F57FFF /* coding-icon.png */,
				6DEA68981732729300F57FFF /* coding-icon@2x.png */,
				6DEA68991732729300F57FFF /* education-icon.png */,
				6DEA689A1732729300F57FFF /* education-icon@2x.png */,
				6DEA689B1732729300F57FFF /* exit-icon.png */,
				6DEA689C1732729300F57FFF /* interests-icon.png */,
				6DEA689D1732729300F57FFF /* interests-icon@2x.png */,
				6DEA689E1732729300F57FFF /* job-icon.png */,
				6DEA689F1732729300F57FFF /* job-icon@2x.png */,
				6DEA68A01732729300F57FFF /* name-logo.png */,
				6DEA68A11732729300F57FFF /* name-logo@2x.png */,
				6DEA68A21732729300F57FFF /* nus-logo.png */,
				6DEA68A31732729300F57FFF /* nus-logo@2x.png */,
				6DEA68A41732729300F57FFF /* reset-icon.png */,
				6DEA68A51732729300F57FFF /* reset-icon@2x.png */,
				6DEA68A61732729300F57FFF /* stanford-logo.png */,
				6DEA68A71732729300F57FFF /* stanford-logo@2x.png */,
			);
			name = Images;
			sourceTree = "<group>";
		};
		6DD1C59E172B701800683C7C = {
			isa = PBXGroup;
			children = (
				6DD1C5B0172B701800683C7C /* Yang Shun Portfolio */,
				6DD1C5A9172B701800683C7C /* Frameworks */,
				6DD1C5A8172B701800683C7C /* Products */,
			);
			sourceTree = "<group>";
		};
		6DD1C5A8172B701800683C7C /* Products */ = {
			isa = PBXGroup;
			children = (
				6DD1C5A7172B701800683C7C /* Yang Shun Portfolio.app */,
			);
			name = Products;
			sourceTree = "<group>";
		};
		6DD1C5A9172B701800683C7C /* Frameworks */ = {
			isa = PBXGroup;
			children = (
				6DD1C5E1172B7E0500683C7C /* QuartzCore.framework */,
				6DD1C5AA172B701800683C7C /* UIKit.framework */,
				6DD1C5AC172B701800683C7C /* Foundation.framework */,
				6DD1C5AE172B701800683C7C /* CoreGraphics.framework */,
			);
			name = Frameworks;
			sourceTree = "<group>";
		};
		6DD1C5B0172B701800683C7C /* Yang Shun Portfolio */ = {
			isa = PBXGroup;
			children = (
				6DD1C5DA172B722300683C7C /* Constants.h */,
				6DD1C5B9172B701800683C7C /* AppDelegate.h */,
				6DD1C5BA172B701800683C7C /* AppDelegate.m */,
				6D93C32F172C6E720039F940 /* EducationViewController.h */,
				6D93C330172C6E720039F940 /* EducationViewController.m */,
				6D93C331172C6E720039F940 /* EducationViewController.xib */,
				6D93C342172C808F0039F940 /* MainViewController.h */,
				6D93C343172C808F0039F940 /* MainViewController.m */,
				6D93C344172C808F0039F940 /* MainViewController.xib */,
				6DD1C5C2172B701800683C7C /* InterestsViewController.h */,
				6DD1C5C3172B701800683C7C /* InterestsViewController.m */,
				6DD1C5C5172B701800683C7C /* InterestsViewController.xib */,
				6DEA68BD173280C200F57FFF /* TechnicalViewController.h */,
				6DEA68BE173280C200F57FFF /* TechnicalViewController.m */,
				6DEA68BF173280C200F57FFF /* TechnicalViewController.xib */,
				6DEA68C2173283DC00F57FFF /* TapGameViewController.h */,
				6DEA68C3173283DC00F57FFF /* TapGameViewController.m */,
				6DEA68C4173283DC00F57FFF /* TapGameViewController.xib */,
				6DEA68DA173291C700F57FFF /* ShakeCanViewController.h */,
				6DEA68DB173291C700F57FFF /* ShakeCanViewController.m */,
				6DEA68DC173291C800F57FFF /* ShakeCanViewController.xib */,
				6DEA68F81732B0A200F57FFF /* ProfessionalViewCell.h */,
				6DEA68F91732B0A300F57FFF /* ProfessionalViewCell.m */,
				6DEA68F61732AEE400F57FFF /* ProfessionalViewCell.xib */,
				6DEA68F117329E5100F57FFF /* ProfessionalViewController.h */,
				6DEA68F217329E5200F57FFF /* ProfessionalViewController.m */,
				6DEA68F317329E5200F57FFF /* ProfessionalViewController.xib */,
				6DEA68D31732855200F57FFF /* BeerItemViewController.h */,
				6DEA68D41732855200F57FFF /* BeerItemViewController.m */,
				6DD1C5E3172B815900683C7C /* InterestBlock.h */,
				6DD1C5E4172B815900683C7C /* InterestBlock.m */,
				6D93C326172C68330039F940 /* Images */,
				6DD1C5D9172B713300683C7C /* Physics Engine */,
				6DD1C5B1172B701800683C7C /* Supporting Files */,
			);
			path = "Yang Shun Portfolio";
			sourceTree = "<group>";
		};
		6DD1C5B1172B701800683C7C /* Supporting Files */ = {
			isa = PBXGroup;
			children = (
				6DD1C5B2172B701800683C7C /* Yang Shun Portfolio-Info.plist */,
				6DD1C5B3172B701800683C7C /* InfoPlist.strings */,
				6DD1C5B6172B701800683C7C /* main.m */,
				6DD1C5B8172B701800683C7C /* Yang Shun Portfolio-Prefix.pch */,
				6DD1C5BC172B701800683C7C /* Default.png */,
				6DD1C5BE172B701800683C7C /* Default@2x.png */,
				6DD1C5C0172B701800683C7C /* Default-568h@2x.png */,
			);
			name = "Supporting Files";
			sourceTree = "<group>";
		};
		6DD1C5D9172B713300683C7C /* Physics Engine */ = {
			isa = PBXGroup;
			children = (
				6DD1C5CD172B712200683C7C /* Matrix2D.h */,
				6DD1C5CE172B712200683C7C /* Matrix2D.m */,
				6DD1C5CF172B712200683C7C /* PhysicsCircle.h */,
				6DD1C5D0172B712200683C7C /* PhysicsCircle.m */,
				6DD1C5D1172B712200683C7C /* PhysicsRect.h */,
				6DD1C5D2172B712200683C7C /* PhysicsRect.m */,
				6DD1C5D3172B712200683C7C /* PhysicsShape.h */,
				6DD1C5D4172B712200683C7C /* PhysicsShape.m */,
				6DD1C5D5172B712200683C7C /* PhysicsWorld.h */,
				6DD1C5D6172B712200683C7C /* PhysicsWorld.m */,
				6DD1C5D7172B712200683C7C /* Vector2D.h */,
				6DD1C5D8172B712200683C7C /* Vector2D.m */,
			);
			name = "Physics Engine";
			sourceTree = "<group>";
		};
/* End PBXGroup section */

/* Begin PBXNativeTarget section */
		6DD1C5A6172B701800683C7C /* Yang Shun Portfolio */ = {
			isa = PBXNativeTarget;
			buildConfigurationList = 6DD1C5CA172B701800683C7C /* Build configuration list for PBXNativeTarget "Yang Shun Portfolio" */;
			buildPhases = (
				6DD1C5A3172B701800683C7C /* Sources */,
				6DD1C5A4172B701800683C7C /* Frameworks */,
				6DD1C5A5172B701800683C7C /* Resources */,
			);
			buildRules = (
			);
			dependencies = (
			);
			name = "Yang Shun Portfolio";
			productName = "Yang Shun Portfolio";
			productReference = 6DD1C5A7172B701800683C7C /* Yang Shun Portfolio.app */;
			productType = "com.apple.product-type.application";
		};
/* End PBXNativeTarget section */

/* Begin PBXProject section */
		6DD1C59F172B701800683C7C /* Project object */ = {
			isa = PBXProject;
			attributes = {
				LastUpgradeCheck = 0460;
				ORGANIZATIONNAME = "Yang Shun Tay";
			};
			buildConfigurationList = 6DD1C5A2172B701800683C7C /* Build configuration list for PBXProject "Yang Shun Portfolio" */;
			compatibilityVersion = "Xcode 3.2";
			developmentRegion = English;
			hasScannedForEncodings = 0;
			knownRegions = (
				en,
			);
			mainGroup = 6DD1C59E172B701800683C7C;
			productRefGroup = 6DD1C5A8172B701800683C7C /* Products */;
			projectDirPath = "";
			projectRoot = "";
			targets = (
				6DD1C5A6172B701800683C7C /* Yang Shun Portfolio */,
			);
		};
/* End PBXProject section */

/* Begin PBXResourcesBuildPhase section */
		6DD1C5A5172B701800683C7C /* Resources */ = {
			isa = PBXResourcesBuildPhase;
			buildActionMask = 2147483647;
			files = (
				6DEA68EB173292AD00F57FFF /* ShakeCanViewController.xib in Resources */,
				6DEA68D7173288A600F57FFF /* TapGameViewController.xib in Resources */,
				6DD1C5B5172B701800683C7C /* InfoPlist.strings in Resources */,
				6DD1C5BD172B701800683C7C /* Default.png in Resources */,
				6DD1C5BF172B701800683C7C /* Default@2x.png in Resources */,
				6DD1C5C1172B701800683C7C /* Default-568h@2x.png in Resources */,
				6DD1C5C7172B701800683C7C /* InterestsViewController.xib in Resources */,
				6D93C333172C6E720039F940 /* EducationViewController.xib in Resources */,
				6D93C346172C808F0039F940 /* MainViewController.xib in Resources */,
				6DEA68A81732729300F57FFF /* black-linen.png in Resources */,
				6DEA68A91732729300F57FFF /* black-linen@2x.png in Resources */,
				6DEA68AA1732729300F57FFF /* coding-icon.png in Resources */,
				6DEA68AB1732729300F57FFF /* coding-icon@2x.png in Resources */,
				6DEA68AC1732729300F57FFF /* education-icon.png in Resources */,
				6DEA68AD1732729300F57FFF /* education-icon@2x.png in Resources */,
				6DEA68AE1732729300F57FFF /* exit-icon.png in Resources */,
				6DEA68AF1732729300F57FFF /* interests-icon.png in Resources */,
				6DEA68B01732729300F57FFF /* interests-icon@2x.png in Resources */,
				6DEA68B11732729300F57FFF /* job-icon.png in Resources */,
				6DEA68B21732729300F57FFF /* job-icon@2x.png in Resources */,
				6DEA68B31732729300F57FFF /* name-logo.png in Resources */,
				6DEA68B41732729300F57FFF /* name-logo@2x.png in Resources */,
				6DEA68B51732729300F57FFF /* nus-logo.png in Resources */,
				6DEA68B61732729300F57FFF /* nus-logo@2x.png in Resources */,
				6DEA68B71732729300F57FFF /* reset-icon.png in Resources */,
				6DEA68B81732729300F57FFF /* reset-icon@2x.png in Resources */,
				6DEA68B91732729300F57FFF /* stanford-logo.png in Resources */,
				6DEA68BA1732729300F57FFF /* stanford-logo@2x.png in Resources */,
				6DEA68BC173272AF00F57FFF /* thumb-ys@2x.png in Resources */,
				6DEA68C1173280C200F57FFF /* TechnicalViewController.xib in Resources */,
				6DEA68CA1732845B00F57FFF /* time@2x.png in Resources */,
				6DEA68CB1732845B00F57FFF /* beer-small.png in Resources */,
				6DEA68CC1732845B00F57FFF /* beer.png in Resources */,
				6DEA68CD1732845B00F57FFF /* tap-background-front@2x.png in Resources */,
				6DEA68CE1732845B00F57FFF /* tap-background@2x.png in Resources */,
				6DEA68D01732847000F57FFF /* score@2x.png in Resources */,
				6DEA68D21732847F00F57FFF /* quit-button@2x.png in Resources */,
				6DEA68D917328FBD00F57FFF /* drinkpal-logo@2x.png in Resources */,
				6DEA68E0173291EE00F57FFF /* gametext.png in Resources */,
				6DEA68E1173291EE00F57FFF /* sodacan.png in Resources */,
				6DEA68E2173291EE00F57FFF /* sodacan@2x.png in Resources */,
				6DEA68E51732922800F57FFF /* wall.jpg in Resources */,
				6DEA68E61732922800F57FFF /* wall@2x.jpg in Resources */,
				6DEA68E91732925100F57FFF /* hipspot-logo.png in Resources */,
				6DEA68EA1732925100F57FFF /* hipspot-logo@2x.png in Resources */,
				6DEA68EF1732938600F57FFF /* endgame.png in Resources */,
				6DEA68F01732938600F57FFF /* gametext.png in Resources */,
				6DEA68F517329E5200F57FFF /* ProfessionalViewController.xib in Resources */,
				6DEA68F71732AEE400F57FFF /* ProfessionalViewCell.xib in Resources */,
				6DEA68FE1732BF7E00F57FFF /* nus-logo-sq.png in Resources */,
				6DEA68FF1732BF7E00F57FFF /* feiyue-logo.png in Resources */,
				6DEA69001732BF7E00F57FFF /* easilydo-icon.png in Resources */,
			);
			runOnlyForDeploymentPostprocessing = 0;
		};
/* End PBXResourcesBuildPhase section */

/* Begin PBXSourcesBuildPhase section */
		6DD1C5A3172B701800683C7C /* Sources */ = {
			isa = PBXSourcesBuildPhase;
			buildActionMask = 2147483647;
			files = (
				6DEA68EC1732931800F57FFF /* ShakeCanViewController.m in Sources */,
				6DEA68D51732859D00F57FFF /* TapGameViewController.m in Sources */,
				6DEA68D61732859D00F57FFF /* BeerItemViewController.m in Sources */,
				6DD1C5DB172B771A00683C7C /* Matrix2D.m in Sources */,
				6DD1C5DC172B771A00683C7C /* PhysicsCircle.m in Sources */,
				6DD1C5DD172B771A00683C7C /* PhysicsRect.m in Sources */,
				6DD1C5DE172B771A00683C7C /* PhysicsShape.m in Sources */,
				6DD1C5DF172B771A00683C7C /* PhysicsWorld.m in Sources */,
				6DD1C5E0172B771A00683C7C /* Vector2D.m in Sources */,
				6DD1C5B7172B701800683C7C /* main.m in Sources */,
				6DD1C5BB172B701800683C7C /* AppDelegate.m in Sources */,
				6DD1C5C4172B701800683C7C /* InterestsViewController.m in Sources */,
				6DD1C5E5172B815900683C7C /* InterestBlock.m in Sources */,
				6D93C332172C6E720039F940 /* EducationViewController.m in Sources */,
				6D93C345172C808F0039F940 /* MainViewController.m in Sources */,
				6DEA68C0173280C200F57FFF /* TechnicalViewController.m in Sources */,
				6DEA68F417329E5200F57FFF /* ProfessionalViewController.m in Sources */,
				6DEA68FA1732B0A400F57FFF /* ProfessionalViewCell.m in Sources */,
			);
			runOnlyForDeploymentPostprocessing = 0;
		};
/* End PBXSourcesBuildPhase section */

/* Begin PBXVariantGroup section */
		6DD1C5B3172B701800683C7C /* InfoPlist.strings */ = {
			isa = PBXVariantGroup;
			children = (
				6DD1C5B4172B701800683C7C /* en */,
			);
			name = InfoPlist.strings;
			sourceTree = "<group>";
		};
		6DD1C5C5172B701800683C7C /* InterestsViewController.xib */ = {
			isa = PBXVariantGroup;
			children = (
				6DD1C5C6172B701800683C7C /* en */,
			);
			name = InterestsViewController.xib;
			sourceTree = "<group>";
		};
/* End PBXVariantGroup section */

/* Begin XCBuildConfiguration section */
		6DD1C5C8172B701800683C7C /* Debug */ = {
			isa = XCBuildConfiguration;
			buildSettings = {
				ALWAYS_SEARCH_USER_PATHS = NO;
				CLANG_CXX_LANGUAGE_STANDARD = "gnu++0x";
				CLANG_CXX_LIBRARY = "libc++";
				CLANG_ENABLE_OBJC_ARC = YES;
				CLANG_WARN_CONSTANT_CONVERSION = YES;
				CLANG_WARN_EMPTY_BODY = YES;
				CLANG_WARN_ENUM_CONVERSION = YES;
				CLANG_WARN_INT_CONVERSION = YES;
				CLANG_WARN__DUPLICATE_METHOD_MATCH = YES;
				"CODE_SIGN_IDENTITY[sdk=iphoneos*]" = "iPhone Developer";
				COPY_PHASE_STRIP = NO;
				GCC_C_LANGUAGE_STANDARD = gnu99;
				GCC_DYNAMIC_NO_PIC = NO;
				GCC_OPTIMIZATION_LEVEL = 0;
				GCC_PREPROCESSOR_DEFINITIONS = (
					"DEBUG=1",
					"$(inherited)",
				);
				GCC_SYMBOLS_PRIVATE_EXTERN = NO;
				GCC_WARN_ABOUT_RETURN_TYPE = YES;
				GCC_WARN_UNINITIALIZED_AUTOS = YES;
				GCC_WARN_UNUSED_VARIABLE = YES;
				IPHONEOS_DEPLOYMENT_TARGET = 5.1;
				ONLY_ACTIVE_ARCH = YES;
				SDKROOT = iphoneos;
			};
			name = Debug;
		};
		6DD1C5C9172B701800683C7C /* Release */ = {
			isa = XCBuildConfiguration;
			buildSettings = {
				ALWAYS_SEARCH_USER_PATHS = NO;
				CLANG_CXX_LANGUAGE_STANDARD = "gnu++0x";
				CLANG_CXX_LIBRARY = "libc++";
				CLANG_ENABLE_OBJC_ARC = YES;
				CLANG_WARN_CONSTANT_CONVERSION = YES;
				CLANG_WARN_EMPTY_BODY = YES;
				CLANG_WARN_ENUM_CONVERSION = YES;
				CLANG_WARN_INT_CONVERSION = YES;
				CLANG_WARN__DUPLICATE_METHOD_MATCH = YES;
				"CODE_SIGN_IDENTITY[sdk=iphoneos*]" = "iPhone Developer";
				COPY_PHASE_STRIP = YES;
				GCC_C_LANGUAGE_STANDARD = gnu99;
				GCC_WARN_ABOUT_RETURN_TYPE = YES;
				GCC_WARN_UNINITIALIZED_AUTOS = YES;
				GCC_WARN_UNUSED_VARIABLE = YES;
				IPHONEOS_DEPLOYMENT_TARGET = 5.1;
				OTHER_CFLAGS = "-DNS_BLOCK_ASSERTIONS=1";
				SDKROOT = iphoneos;
				VALIDATE_PRODUCT = YES;
			};
			name = Release;
		};
		6DD1C5CB172B701800683C7C /* Debug */ = {
			isa = XCBuildConfiguration;
			buildSettings = {
				GCC_PRECOMPILE_PREFIX_HEADER = YES;
				GCC_PREFIX_HEADER = "Yang Shun Portfolio/Yang Shun Portfolio-Prefix.pch";
				INFOPLIST_FILE = "Yang Shun Portfolio/Yang Shun Portfolio-Info.plist";
				PRODUCT_NAME = "$(TARGET_NAME)";
				WRAPPER_EXTENSION = app;
			};
			name = Debug;
		};
		6DD1C5CC172B701800683C7C /* Release */ = {
			isa = XCBuildConfiguration;
			buildSettings = {
				GCC_PRECOMPILE_PREFIX_HEADER = YES;
				GCC_PREFIX_HEADER = "Yang Shun Portfolio/Yang Shun Portfolio-Prefix.pch";
				INFOPLIST_FILE = "Yang Shun Portfolio/Yang Shun Portfolio-Info.plist";
				PRODUCT_NAME = "$(TARGET_NAME)";
				WRAPPER_EXTENSION = app;
			};
			name = Release;
		};
/* End XCBuildConfiguration section */

/* Begin XCConfigurationList section */
		6DD1C5A2172B701800683C7C /* Build configuration list for PBXProject "Yang Shun Portfolio" */ = {
			isa = XCConfigurationList;
			buildConfigurations = (
				6DD1C5C8172B701800683C7C /* Debug */,
				6DD1C5C9172B701800683C7C /* Release */,
			);
			defaultConfigurationIsVisible = 0;
			defaultConfigurationName = Release;
		};
		6DD1C5CA172B701800683C7C /* Build configuration list for PBXNativeTarget "Yang Shun Portfolio" */ = {
			isa = XCConfigurationList;
			buildConfigurations = (
				6DD1C5CB172B701800683C7C /* Debug */,
				6DD1C5CC172B701800683C7C /* Release */,
			);
			defaultConfigurationIsVisible = 0;
			defaultConfigurationName = Release;
		};
/* End XCConfigurationList section */
	};
	rootObject = 6DD1C59F172B701800683C7C /* Project object */;
}
